{
  "name": "threejs-miniprogram-adapter-examples",
  "version": "0.0.0",
  "lockfileVersion": 3,
  "requires": true,
  "packages": {
    "": {
      "name": "threejs-miniprogram-adapter-examples",
      "version": "0.0.0",
      "dependencies": {
        "three": "0.185.1",
        "threejs-miniprogram-adapter": "file:.."
      }
    },
    "..": {
      "version": "1.0.0",
      "license": "MIT",
      "devDependencies": {
        "publint": "0.3.23",
        "three": "0.185.1",
        "typescript": "7.0.2"
      },
      "engines": {
        "node": ">=18.0.0"
      },
      "peerDependencies": {
        "three": ">=0.160.0 <0.186.0"
      }
    },
    "node_modules/three": {
      "version": "0.185.1",
      "resolved": "https://registry.npmjs.org/three/-/three-0.185.1.tgz",
      "integrity": "sha512-5aojFCXKwnjBRZvUnt3WFfEcvUJgkN5LlijRFN95hMy8WVkG4I0QNcJE+OuWvuJ0bOdStrbfXn0pkd6/QyiAlg==",
      "license": "MIT"
    },
    "node_modules/threejs-miniprogram-adapter": {
      "resolved": "..",
      "link": true
    }
  }
}
